{
  "originHash" : "01cf638d37a73c45c6ed9405c13f5183c9f64686f9f3111ee052632ca728a4c7",
  "pins" : [
    {
      "identity" : "mjextension",
      "kind" : "remoteSourceControl",
      "location" : "https://github.com/CoderMJLee/MJExtension",
      "state" : {
        "revision" : "03ceefbcb51be045e0b4d252442a2fb2939d52ae",
        "version" : "3.4.2"
      }
    },
    {
      "identity" : "sleepchartkit",
      "kind" : "remoteSourceControl",
      "location" : "https://github.com/DanielJamesTronca/SleepChartKit.git",
      "state" : {
        "branch" : "main",
        "revision" : "a2f82bc463cf5a75ccb16652f2bcf572b11de1a3"
      }
    }
  ],
  "version" : 3
}
